
Microsoft Visual Studio Solution File, Format Version 12.00
# Visual Studio 15
Project("{FAE04EC0-301F-11D3-BF4B-00C04F79EFBC}") = "Assembly-CSharp", "Assembly-CSharp.csproj", "{43660DD4-CD63-D25A-0416-112567F84651}"
EndProject
Project("{FAE04EC0-301F-11D3-BF4B-00C04F79EFBC}") = "Assembly-CSharp-Editor", "Assembly-CSharp-Editor.csproj", "{4AEEF279-C25E-63D3-0B78-D4A5CAD5A81D}"
EndProject
Global
	GlobalSection(SolutionConfigurationPlatforms) = preSolution
		Debug|Any CPU = Debug|Any CPU
		Release|Any CPU = Release|Any CPU
	EndGlobalSection
	GlobalSection(ProjectConfigurationPlatforms) = postSolution
		{43660DD4-CD63-D25A-0416-112567F84651}.Debug|Any CPU.ActiveCfg = Debug|Any CPU
		{43660DD4-CD63-D25A-0416-112567F84651}.Debug|Any CPU.Build.0 = Debug|Any CPU
		{43660DD4-CD63-D25A-0416-112567F84651}.Release|Any CPU.ActiveCfg = Release|Any CPU
		{43660DD4-CD63-D25A-0416-112567F84651}.Release|Any CPU.Build.0 = Release|Any CPU
		{4AEEF279-C25E-63D3-0B78-D4A5CAD5A81D}.Debug|Any CPU.ActiveCfg = Debug|Any CPU
		{4AEEF279-C25E-63D3-0B78-D4A5CAD5A81D}.Debug|Any CPU.Build.0 = Debug|Any CPU
		{4AEEF279-C25E-63D3-0B78-D4A5CAD5A81D}.Release|Any CPU.ActiveCfg = Release|Any CPU
		{4AEEF279-C25E-63D3-0B78-D4A5CAD5A81D}.Release|Any CPU.Build.0 = Release|Any CPU
	EndGlobalSection
	GlobalSection(SolutionProperties) = preSolution
		HideSolutionNode = FALSE
	EndGlobalSection
EndGlobal
